{
    "requires": true,
    "lockfileVersion": 1,
    "dependencies": {
        "@ckeditor/ckeditor5-build-classic": {
            "version": "11.0.1",
            "resolved": "https://registry.npmjs.org/@ckeditor/ckeditor5-build-classic/-/ckeditor5-build-classic-11.0.1.tgz",
            "integrity": "sha512-iVP2yEFM/ALwKVOynkjGZqPxdK4ecKGI+1oZXYdPPzkd58/4x6gSMKvh54znhNYbNsO7UsLj7+HllP/+5u50uw=="
        }
    }
}
